
Microsoft Visual Studio Solution File, Format Version 11.00
# Visual Studio 2010
Project("{2150E333-8FDC-42A3-9474-1A3956D46DE8}") = "1.DataAccess", "1.DataAccess", "{1DFEA55B-93CF-4F5F-8A79-1431E7CA04D3}"
EndProject
Project("{2150E333-8FDC-42A3-9474-1A3956D46DE8}") = "1.1.CoreData", "1.1.CoreData", "{D1513856-CF87-421C-86AC-24094A60D789}"
EndProject
Project("{2150E333-8FDC-42A3-9474-1A3956D46DE8}") = "2.Services", "2.Services", "{5B2336D9-B1E2-444E-B869-EAE7BAFD05D5}"
EndProject
Project("{2150E333-8FDC-42A3-9474-1A3956D46DE8}") = "4.Presentation", "4.Presentation", "{6D3C6066-63A8-4EC7-8F28-FDB830A44660}"
EndProject
Project("{2150E333-8FDC-42A3-9474-1A3956D46DE8}") = "3.ActionServices", "3.ActionServices", "{A03EF878-26D3-41F3-9944-AC405EF8414A}"
EndProject
Project("{FAE04EC0-301F-11D3-BF4B-00C04F79EFBC}") = "PortalCuocThiAnh", "CameraShop\PortalCuocThiAnh.csproj", "{097EA269-6C3C-443B-BDC3-11C2DAB16B98}"
EndProject
Project("{2150E333-8FDC-42A3-9474-1A3956D46DE8}") = "5.Helper", "5.Helper", "{95E9DAD0-26E3-444A-BCF1-BA490CB6322B}"
EndProject
Project("{FAE04EC0-301F-11D3-BF4B-00C04F79EFBC}") = "BaseEntity", "BaseEntity\BaseEntity\BaseEntity.csproj", "{B4C68C6E-1CFA-40DB-AF2E-CEFEDEC43B4D}"
EndProject
Project("{FAE04EC0-301F-11D3-BF4B-00C04F79EFBC}") = "CoreData", "CoreData\CoreData\CoreData.csproj", "{F1FCDD7C-FA6A-46FD-9C41-308BFA4C3EDA}"
EndProject
Project("{FAE04EC0-301F-11D3-BF4B-00C04F79EFBC}") = "Services", "Services\Services\Services.csproj", "{DCF8F3E2-02BE-412F-A030-8DA0117F1D2A}"
EndProject
Project("{FAE04EC0-301F-11D3-BF4B-00C04F79EFBC}") = "ActionServices", "ActionServices\ActionServices.csproj", "{1B771C2F-D6A7-4AA2-B9AF-CC926163D842}"
EndProject
Project("{FAE04EC0-301F-11D3-BF4B-00C04F79EFBC}") = "Helper", "Helper\Helper\Helper.csproj", "{2268F283-38B0-49D7-A609-79D63396FB29}"
EndProject
Project("{2150E333-8FDC-42A3-9474-1A3956D46DE8}") = "1.2.Entity", "1.2.Entity", "{1DB2AD9B-EA1B-42F5-8C65-A5B166797B1B}"
EndProject
Project("{FAE04EC0-301F-11D3-BF4B-00C04F79EFBC}") = "EntityData", "EntityData\EntityData\EntityData.csproj", "{5DBE3160-545A-4B19-A61E-0E0DAF55C0F1}"
EndProject
Project("{FAE04EC0-301F-11D3-BF4B-00C04F79EFBC}") = "RegisterService", "RegisterService\RegisterService.csproj", "{DEB41F06-11CA-4F18-A8BB-D7112002BF9A}"
EndProject
Project("{FAE04EC0-301F-11D3-BF4B-00C04F79EFBC}") = "ExternalDatabaseHelper", "ExternalDatabaseHelper\ExternalDatabaseHelper.csproj", "{03C0CE4D-DCD9-4021-B0B3-90EC55F58472}"
EndProject
Project("{FAE04EC0-301F-11D3-BF4B-00C04F79EFBC}") = "PayPalAPIHelper", "Helper\PayPalAPIHelper\PayPalAPIHelper.csproj", "{6B9F45B5-9D3E-4C52-A580-8A4A7D63F835}"
EndProject
Global
	GlobalSection(SolutionConfigurationPlatforms) = preSolution
		Debug|Any CPU = Debug|Any CPU
		Release|Any CPU = Release|Any CPU
	EndGlobalSection
	GlobalSection(ProjectConfigurationPlatforms) = postSolution
		{097EA269-6C3C-443B-BDC3-11C2DAB16B98}.Debug|Any CPU.ActiveCfg = Debug|Any CPU
		{097EA269-6C3C-443B-BDC3-11C2DAB16B98}.Debug|Any CPU.Build.0 = Debug|Any CPU
		{097EA269-6C3C-443B-BDC3-11C2DAB16B98}.Release|Any CPU.ActiveCfg = Release|Any CPU
		{097EA269-6C3C-443B-BDC3-11C2DAB16B98}.Release|Any CPU.Build.0 = Release|Any CPU
		{B4C68C6E-1CFA-40DB-AF2E-CEFEDEC43B4D}.Debug|Any CPU.ActiveCfg = Debug|Any CPU
		{B4C68C6E-1CFA-40DB-AF2E-CEFEDEC43B4D}.Debug|Any CPU.Build.0 = Debug|Any CPU
		{B4C68C6E-1CFA-40DB-AF2E-CEFEDEC43B4D}.Release|Any CPU.ActiveCfg = Release|Any CPU
		{B4C68C6E-1CFA-40DB-AF2E-CEFEDEC43B4D}.Release|Any CPU.Build.0 = Release|Any CPU
		{F1FCDD7C-FA6A-46FD-9C41-308BFA4C3EDA}.Debug|Any CPU.ActiveCfg = Debug|Any CPU
		{F1FCDD7C-FA6A-46FD-9C41-308BFA4C3EDA}.Debug|Any CPU.Build.0 = Debug|Any CPU
		{F1FCDD7C-FA6A-46FD-9C41-308BFA4C3EDA}.Release|Any CPU.ActiveCfg = Release|Any CPU
		{F1FCDD7C-FA6A-46FD-9C41-308BFA4C3EDA}.Release|Any CPU.Build.0 = Release|Any CPU
		{DCF8F3E2-02BE-412F-A030-8DA0117F1D2A}.Debug|Any CPU.ActiveCfg = Debug|Any CPU
		{DCF8F3E2-02BE-412F-A030-8DA0117F1D2A}.Debug|Any CPU.Build.0 = Debug|Any CPU
		{DCF8F3E2-02BE-412F-A030-8DA0117F1D2A}.Release|Any CPU.ActiveCfg = Release|Any CPU
		{DCF8F3E2-02BE-412F-A030-8DA0117F1D2A}.Release|Any CPU.Build.0 = Release|Any CPU
		{1B771C2F-D6A7-4AA2-B9AF-CC926163D842}.Debug|Any CPU.ActiveCfg = Debug|Any CPU
		{1B771C2F-D6A7-4AA2-B9AF-CC926163D842}.Debug|Any CPU.Build.0 = Debug|Any CPU
		{1B771C2F-D6A7-4AA2-B9AF-CC926163D842}.Release|Any CPU.ActiveCfg = Release|Any CPU
		{1B771C2F-D6A7-4AA2-B9AF-CC926163D842}.Release|Any CPU.Build.0 = Release|Any CPU
		{2268F283-38B0-49D7-A609-79D63396FB29}.Debug|Any CPU.ActiveCfg = Debug|Any CPU
		{2268F283-38B0-49D7-A609-79D63396FB29}.Debug|Any CPU.Build.0 = Debug|Any CPU
		{2268F283-38B0-49D7-A609-79D63396FB29}.Release|Any CPU.ActiveCfg = Release|Any CPU
		{2268F283-38B0-49D7-A609-79D63396FB29}.Release|Any CPU.Build.0 = Release|Any CPU
		{5DBE3160-545A-4B19-A61E-0E0DAF55C0F1}.Debug|Any CPU.ActiveCfg = Debug|Any CPU
		{5DBE3160-545A-4B19-A61E-0E0DAF55C0F1}.Debug|Any CPU.Build.0 = Debug|Any CPU
		{5DBE3160-545A-4B19-A61E-0E0DAF55C0F1}.Release|Any CPU.ActiveCfg = Release|Any CPU
		{5DBE3160-545A-4B19-A61E-0E0DAF55C0F1}.Release|Any CPU.Build.0 = Release|Any CPU
		{DEB41F06-11CA-4F18-A8BB-D7112002BF9A}.Debug|Any CPU.ActiveCfg = Debug|Any CPU
		{DEB41F06-11CA-4F18-A8BB-D7112002BF9A}.Debug|Any CPU.Build.0 = Debug|Any CPU
		{DEB41F06-11CA-4F18-A8BB-D7112002BF9A}.Release|Any CPU.ActiveCfg = Release|Any CPU
		{DEB41F06-11CA-4F18-A8BB-D7112002BF9A}.Release|Any CPU.Build.0 = Release|Any CPU
		{03C0CE4D-DCD9-4021-B0B3-90EC55F58472}.Debug|Any CPU.ActiveCfg = Debug|Any CPU
		{03C0CE4D-DCD9-4021-B0B3-90EC55F58472}.Debug|Any CPU.Build.0 = Debug|Any CPU
		{03C0CE4D-DCD9-4021-B0B3-90EC55F58472}.Release|Any CPU.ActiveCfg = Release|Any CPU
		{03C0CE4D-DCD9-4021-B0B3-90EC55F58472}.Release|Any CPU.Build.0 = Release|Any CPU
		{6B9F45B5-9D3E-4C52-A580-8A4A7D63F835}.Debug|Any CPU.ActiveCfg = Debug|Any CPU
		{6B9F45B5-9D3E-4C52-A580-8A4A7D63F835}.Debug|Any CPU.Build.0 = Debug|Any CPU
		{6B9F45B5-9D3E-4C52-A580-8A4A7D63F835}.Release|Any CPU.ActiveCfg = Release|Any CPU
		{6B9F45B5-9D3E-4C52-A580-8A4A7D63F835}.Release|Any CPU.Build.0 = Release|Any CPU
	EndGlobalSection
	GlobalSection(SolutionProperties) = preSolution
		HideSolutionNode = FALSE
	EndGlobalSection
	GlobalSection(NestedProjects) = preSolution
		{D1513856-CF87-421C-86AC-24094A60D789} = {1DFEA55B-93CF-4F5F-8A79-1431E7CA04D3}
		{B4C68C6E-1CFA-40DB-AF2E-CEFEDEC43B4D} = {1DFEA55B-93CF-4F5F-8A79-1431E7CA04D3}
		{1DB2AD9B-EA1B-42F5-8C65-A5B166797B1B} = {1DFEA55B-93CF-4F5F-8A79-1431E7CA04D3}
		{F1FCDD7C-FA6A-46FD-9C41-308BFA4C3EDA} = {D1513856-CF87-421C-86AC-24094A60D789}
		{DCF8F3E2-02BE-412F-A030-8DA0117F1D2A} = {5B2336D9-B1E2-444E-B869-EAE7BAFD05D5}
		{097EA269-6C3C-443B-BDC3-11C2DAB16B98} = {6D3C6066-63A8-4EC7-8F28-FDB830A44660}
		{1B771C2F-D6A7-4AA2-B9AF-CC926163D842} = {A03EF878-26D3-41F3-9944-AC405EF8414A}
		{DEB41F06-11CA-4F18-A8BB-D7112002BF9A} = {A03EF878-26D3-41F3-9944-AC405EF8414A}
		{2268F283-38B0-49D7-A609-79D63396FB29} = {95E9DAD0-26E3-444A-BCF1-BA490CB6322B}
		{03C0CE4D-DCD9-4021-B0B3-90EC55F58472} = {95E9DAD0-26E3-444A-BCF1-BA490CB6322B}
		{6B9F45B5-9D3E-4C52-A580-8A4A7D63F835} = {95E9DAD0-26E3-444A-BCF1-BA490CB6322B}
		{5DBE3160-545A-4B19-A61E-0E0DAF55C0F1} = {1DB2AD9B-EA1B-42F5-8C65-A5B166797B1B}
	EndGlobalSection
EndGlobal
